
Microsoft Visual Studio Solution File, Format Version 12.00
# Visual Studio Version 17
VisualStudioVersion = 17.1.32421.90
MinimumVisualStudioVersion = 10.0.40219.1
Project("{2150E333-8FDC-42A3-9474-1A3956D46DE8}") = "Net6", "Net6", "{D91819CE-663B-439B-9F1C-FAB58E9F628A}"
EndProject
Project("{2150E333-8FDC-42A3-9474-1A3956D46DE8}") = "Net3", "Net3", "{D7A5771E-0D60-45E6-8313-1E5F46EDAA08}"
EndProject
Project("{9A19103F-16F7-4668-BE54-9A1E7A4F7556}") = "WebEmpty", "Net3\WebEmpty\WebEmpty.csproj", "{2A62821B-E44D-460E-96A3-3D4A84F1C857}"
EndProject
Project("{9A19103F-16F7-4668-BE54-9A1E7A4F7556}") = "WebRazor", "Net3\WebRazor\WebRazor.csproj", "{BCF4C43B-ECA5-4F71-946E-3DD8E6A4F6CD}"
EndProject
Project("{9A19103F-16F7-4668-BE54-9A1E7A4F7556}") = "WebMvc", "Net6\WebMvc\WebMvc.csproj", "{B8F59805-17B4-42B8-87FF-7AE96C333210}"
EndProject
Project("{9A19103F-16F7-4668-BE54-9A1E7A4F7556}") = "WebApp", "Net6\WebApp\WebApp.csproj", "{2EBB0125-F81E-4632-BA82-6870E547D72B}"
EndProject
Project("{9A19103F-16F7-4668-BE54-9A1E7A4F7556}") = "WebApi", "Net6\WebApi\WebApi.csproj", "{C9E9D3A4-AC85-493F-8D00-44CF4B699056}"
EndProject
Project("{9A19103F-16F7-4668-BE54-9A1E7A4F7556}") = "GrpcService", "Net6\GrpcService\GrpcService.csproj", "{DF114518-2A6B-4A37-AD46-3F8EDC557407}"
EndProject
Project("{9A19103F-16F7-4668-BE54-9A1E7A4F7556}") = "ConsoleApp", "Net6\ConsoleApp\ConsoleApp.csproj", "{B250E755-B181-44A9-B045-FAA4AE0A8807}"
EndProject
Project("{9A19103F-16F7-4668-BE54-9A1E7A4F7556}") = "AspEmpty", "Net6\AspEmpty\AspEmpty.csproj", "{29A7E887-8463-43B0-9566-8F8AA0C2465B}"
EndProject
Project("{FAE04EC0-301F-11D3-BF4B-00C04F79EFBC}") = "WebAppIdentity", "Net3\WebAppIdentity\WebAppIdentity.csproj", "{53B7AC64-9E47-4645-BA9E-0775B477D860}"
EndProject
Global
	GlobalSection(SolutionConfigurationPlatforms) = preSolution
		Debug|Any CPU = Debug|Any CPU
		Release|Any CPU = Release|Any CPU
	EndGlobalSection
	GlobalSection(ProjectConfigurationPlatforms) = postSolution
		{2A62821B-E44D-460E-96A3-3D4A84F1C857}.Debug|Any CPU.ActiveCfg = Debug|Any CPU
		{2A62821B-E44D-460E-96A3-3D4A84F1C857}.Debug|Any CPU.Build.0 = Debug|Any CPU
		{2A62821B-E44D-460E-96A3-3D4A84F1C857}.Release|Any CPU.ActiveCfg = Release|Any CPU
		{2A62821B-E44D-460E-96A3-3D4A84F1C857}.Release|Any CPU.Build.0 = Release|Any CPU
		{BCF4C43B-ECA5-4F71-946E-3DD8E6A4F6CD}.Debug|Any CPU.ActiveCfg = Debug|Any CPU
		{BCF4C43B-ECA5-4F71-946E-3DD8E6A4F6CD}.Debug|Any CPU.Build.0 = Debug|Any CPU
		{BCF4C43B-ECA5-4F71-946E-3DD8E6A4F6CD}.Release|Any CPU.ActiveCfg = Release|Any CPU
		{BCF4C43B-ECA5-4F71-946E-3DD8E6A4F6CD}.Release|Any CPU.Build.0 = Release|Any CPU
		{B8F59805-17B4-42B8-87FF-7AE96C333210}.Debug|Any CPU.ActiveCfg = Debug|Any CPU
		{B8F59805-17B4-42B8-87FF-7AE96C333210}.Debug|Any CPU.Build.0 = Debug|Any CPU
		{B8F59805-17B4-42B8-87FF-7AE96C333210}.Release|Any CPU.ActiveCfg = Release|Any CPU
		{B8F59805-17B4-42B8-87FF-7AE96C333210}.Release|Any CPU.Build.0 = Release|Any CPU
		{2EBB0125-F81E-4632-BA82-6870E547D72B}.Debug|Any CPU.ActiveCfg = Debug|Any CPU
		{2EBB0125-F81E-4632-BA82-6870E547D72B}.Debug|Any CPU.Build.0 = Debug|Any CPU
		{2EBB0125-F81E-4632-BA82-6870E547D72B}.Release|Any CPU.ActiveCfg = Release|Any CPU
		{2EBB0125-F81E-4632-BA82-6870E547D72B}.Release|Any CPU.Build.0 = Release|Any CPU
		{C9E9D3A4-AC85-493F-8D00-44CF4B699056}.Debug|Any CPU.ActiveCfg = Debug|Any CPU
		{C9E9D3A4-AC85-493F-8D00-44CF4B699056}.Debug|Any CPU.Build.0 = Debug|Any CPU
		{C9E9D3A4-AC85-493F-8D00-44CF4B699056}.Release|Any CPU.ActiveCfg = Release|Any CPU
		{C9E9D3A4-AC85-493F-8D00-44CF4B699056}.Release|Any CPU.Build.0 = Release|Any CPU
		{DF114518-2A6B-4A37-AD46-3F8EDC557407}.Debug|Any CPU.ActiveCfg = Debug|Any CPU
		{DF114518-2A6B-4A37-AD46-3F8EDC557407}.Debug|Any CPU.Build.0 = Debug|Any CPU
		{DF114518-2A6B-4A37-AD46-3F8EDC557407}.Release|Any CPU.ActiveCfg = Release|Any CPU
		{DF114518-2A6B-4A37-AD46-3F8EDC557407}.Release|Any CPU.Build.0 = Release|Any CPU
		{B250E755-B181-44A9-B045-FAA4AE0A8807}.Debug|Any CPU.ActiveCfg = Debug|Any CPU
		{B250E755-B181-44A9-B045-FAA4AE0A8807}.Debug|Any CPU.Build.0 = Debug|Any CPU
		{B250E755-B181-44A9-B045-FAA4AE0A8807}.Release|Any CPU.ActiveCfg = Release|Any CPU
		{B250E755-B181-44A9-B045-FAA4AE0A8807}.Release|Any CPU.Build.0 = Release|Any CPU
		{29A7E887-8463-43B0-9566-8F8AA0C2465B}.Debug|Any CPU.ActiveCfg = Debug|Any CPU
		{29A7E887-8463-43B0-9566-8F8AA0C2465B}.Debug|Any CPU.Build.0 = Debug|Any CPU
		{29A7E887-8463-43B0-9566-8F8AA0C2465B}.Release|Any CPU.ActiveCfg = Release|Any CPU
		{29A7E887-8463-43B0-9566-8F8AA0C2465B}.Release|Any CPU.Build.0 = Release|Any CPU
		{53B7AC64-9E47-4645-BA9E-0775B477D860}.Debug|Any CPU.ActiveCfg = Debug|Any CPU
		{53B7AC64-9E47-4645-BA9E-0775B477D860}.Debug|Any CPU.Build.0 = Debug|Any CPU
		{53B7AC64-9E47-4645-BA9E-0775B477D860}.Release|Any CPU.ActiveCfg = Release|Any CPU
		{53B7AC64-9E47-4645-BA9E-0775B477D860}.Release|Any CPU.Build.0 = Release|Any CPU
	EndGlobalSection
	GlobalSection(SolutionProperties) = preSolution
		HideSolutionNode = FALSE
	EndGlobalSection
	GlobalSection(NestedProjects) = preSolution
		{2A62821B-E44D-460E-96A3-3D4A84F1C857} = {D7A5771E-0D60-45E6-8313-1E5F46EDAA08}
		{BCF4C43B-ECA5-4F71-946E-3DD8E6A4F6CD} = {D7A5771E-0D60-45E6-8313-1E5F46EDAA08}
		{B8F59805-17B4-42B8-87FF-7AE96C333210} = {D91819CE-663B-439B-9F1C-FAB58E9F628A}
		{2EBB0125-F81E-4632-BA82-6870E547D72B} = {D91819CE-663B-439B-9F1C-FAB58E9F628A}
		{C9E9D3A4-AC85-493F-8D00-44CF4B699056} = {D91819CE-663B-439B-9F1C-FAB58E9F628A}
		{DF114518-2A6B-4A37-AD46-3F8EDC557407} = {D91819CE-663B-439B-9F1C-FAB58E9F628A}
		{B250E755-B181-44A9-B045-FAA4AE0A8807} = {D91819CE-663B-439B-9F1C-FAB58E9F628A}
		{29A7E887-8463-43B0-9566-8F8AA0C2465B} = {D91819CE-663B-439B-9F1C-FAB58E9F628A}
		{53B7AC64-9E47-4645-BA9E-0775B477D860} = {D7A5771E-0D60-45E6-8313-1E5F46EDAA08}
	EndGlobalSection
	GlobalSection(ExtensibilityGlobals) = postSolution
		SolutionGuid = {0622FDCC-9CC9-4676-A5D8-6F36B6361DF8}
	EndGlobalSection
EndGlobal
